// !$*UTF8*$!
{
	archiveVersion = 1;
	classes = {
	};
	objectVersion = 50;
	objects = {

/* Begin PBXBuildFile section */
		C08AA06A223F58C000FC23FF /* AppDelegate.swift in Sources */ = {isa = PBXBuildFile; fileRef = C08AA069223F58C000FC23FF /* AppDelegate.swift */; };
		C08AA06C223F58C000FC23FF /* ViewController.swift in Sources */ = {isa = PBXBuildFile; fileRef = C08AA06B223F58C000FC23FF /* ViewController.swift */; };
		C08AA06F223F58C000FC23FF /* Main.storyboard in Resources */ = {isa = PBXBuildFile; fileRef = C08AA06D223F58C000FC23FF /* Main.storyboard */; };
		C08AA071223F58C200FC23FF /* Assets.xcassets in Resources */ = {isa = PBXBuildFile; fileRef = C08AA070223F58C200FC23FF /* Assets.xcassets */; };
		C08AA074223F58C200FC23FF /* LaunchScreen.storyboard in Resources */ = {isa = PBXBuildFile; fileRef = C08AA072223F58C200FC23FF /* LaunchScreen.storyboard */; };
		C08AA07C223F58D600FC23FF /* README.md in Resources */ = {isa = PBXBuildFile; fileRef = C08AA07B223F58D600FC23FF /* README.md */; };
		C08AA084223F593800FC23FF /* NotificationCenter.framework in Frameworks */ = {isa = PBXBuildFile; fileRef = C08AA083223F593800FC23FF /* NotificationCenter.framework */; };
		C08AA087223F593900FC23FF /* TodayViewController.swift in Sources */ = {isa = PBXBuildFile; fileRef = C08AA086223F593900FC23FF /* TodayViewController.swift */; };
		C08AA08A223F593900FC23FF /* MainInterface.storyboard in Resources */ = {isa = PBXBuildFile; fileRef = C08AA088223F593900FC23FF /* MainInterface.storyboard */; };
		C08AA08E223F593900FC23FF /* TodayExtension.appex in Embed App Extensions */ = {isa = PBXBuildFile; fileRef = C08AA081223F593800FC23FF /* TodayExtension.appex */; settings = {ATTRIBUTES = (RemoveHeadersOnCopy, ); }; };
/* End PBXBuildFile section */

/* Begin PBXContainerItemProxy section */
		C08AA08C223F593900FC23FF /* PBXContainerItemProxy */ = {
			isa = PBXContainerItemProxy;
			containerPortal = C08AA05E223F58C000FC23FF /* Project object */;
			proxyType = 1;
			remoteGlobalIDString = C08AA080223F593800FC23FF;
			remoteInfo = TodayExtension;
		};
/* End PBXContainerItemProxy section */

/* Begin PBXCopyFilesBuildPhase section */
		C08AA092223F593900FC23FF /* Embed App Extensions */ = {
			isa = PBXCopyFilesBuildPhase;
			buildActionMask = 2147483647;
			dstPath = "";
			dstSubfolderSpec = 13;
			files = (
				C08AA08E223F593900FC23FF /* TodayExtension.appex in Embed App Extensions */,
			);
			name = "Embed App Extensions";
			runOnlyForDeploymentPostprocessing = 0;
		};
/* End PBXCopyFilesBuildPhase section */

/* Begin PBXFileReference section */
		C08AA066223F58C000FC23FF /* SampleProject.app */ = {isa = PBXFileReference; explicitFileType = wrapper.application; includeInIndex = 0; path = SampleProject.app; sourceTree = BUILT_PRODUCTS_DIR; };
		C08AA069223F58C000FC23FF /* AppDelegate.swift */ = {isa = PBXFileReference; lastKnownFileType = sourcecode.swift; path = AppDelegate.swift; sourceTree = "<group>"; };
		C08AA06B223F58C000FC23FF /* ViewController.swift */ = {isa = PBXFileReference; lastKnownFileType = sourcecode.swift; path = ViewController.swift; sourceTree = "<group>"; };
		C08AA06E223F58C000FC23FF /* Base */ = {isa = PBXFileReference; lastKnownFileType = file.storyboard; name = Base; path = Base.lproj/Main.storyboard; sourceTree = "<group>"; };
		C08AA070223F58C200FC23FF /* Assets.xcassets */ = {isa = PBXFileReference; lastKnownFileType = folder.assetcatalog; path = Assets.xcassets; sourceTree = "<group>"; };
		C08AA073223F58C200FC23FF /* Base */ = {isa = PBXFileReference; lastKnownFileType = file.storyboard; name = Base; path = Base.lproj/LaunchScreen.storyboard; sourceTree = "<group>"; };
		C08AA075223F58C200FC23FF /* Info.plist */ = {isa = PBXFileReference; lastKnownFileType = text.plist.xml; path = Info.plist; sourceTree = "<group>"; };
		C08AA07B223F58D600FC23FF /* README.md */ = {isa = PBXFileReference; fileEncoding = 4; lastKnownFileType = net.daringfireball.markdown; path = README.md; sourceTree = "<group>"; };
		C08AA081223F593800FC23FF /* TodayExtension.appex */ = {isa = PBXFileReference; explicitFileType = "wrapper.app-extension"; includeInIndex = 0; path = TodayExtension.appex; sourceTree = BUILT_PRODUCTS_DIR; };
		C08AA083223F593800FC23FF /* NotificationCenter.framework */ = {isa = PBXFileReference; lastKnownFileType = wrapper.framework; name = NotificationCenter.framework; path = System/Library/Frameworks/NotificationCenter.framework; sourceTree = SDKROOT; };
		C08AA086223F593900FC23FF /* TodayViewController.swift */ = {isa = PBXFileReference; lastKnownFileType = sourcecode.swift; path = TodayViewController.swift; sourceTree = "<group>"; };
		C08AA089223F593900FC23FF /* Base */ = {isa = PBXFileReference; lastKnownFileType = file.storyboard; name = Base; path = Base.lproj/MainInterface.storyboard; sourceTree = "<group>"; };
		C08AA08B223F593900FC23FF /* Info.plist */ = {isa = PBXFileReference; lastKnownFileType = text.plist.xml; path = Info.plist; sourceTree = "<group>"; };
/* End PBXFileReference section */

/* Begin PBXFrameworksBuildPhase section */
		C08AA063223F58C000FC23FF /* Frameworks */ = {
			isa = PBXFrameworksBuildPhase;
			buildActionMask = 2147483647;
			files = (
			);
			runOnlyForDeploymentPostprocessing = 0;
		};
		C08AA07E223F593800FC23FF /* Frameworks */ = {
			isa = PBXFrameworksBuildPhase;
			buildActionMask = 2147483647;
			files = (
				C08AA084223F593800FC23FF /* NotificationCenter.framework in Frameworks */,
			);
			runOnlyForDeploymentPostprocessing = 0;
		};
/* End PBXFrameworksBuildPhase section */

/* Begin PBXGroup section */
		C08AA05D223F58C000FC23FF = {
			isa = PBXGroup;
			children = (
				C08AA07B223F58D600FC23FF /* README.md */,
				C08AA068223F58C000FC23FF /* SampleProject */,
				C08AA085223F593900FC23FF /* TodayExtension */,
				C08AA082223F593800FC23FF /* Frameworks */,
				C08AA067223F58C000FC23FF /* Products */,
			);
			sourceTree = "<group>";
		};
		C08AA067223F58C000FC23FF /* Products */ = {
			isa = PBXGroup;
			children = (
				C08AA066223F58C000FC23FF /* SampleProject.app */,
				C08AA081223F593800FC23FF /* TodayExtension.appex */,
			);
			name = Products;
			sourceTree = "<group>";
		};
		C08AA068223F58C000FC23FF /* SampleProject */ = {
			isa = PBXGroup;
			children = (
				C08AA069223F58C000FC23FF /* AppDelegate.swift */,
				C08AA06B223F58C000FC23FF /* ViewController.swift */,
				C08AA06D223F58C000FC23FF /* Main.storyboard */,
				C08AA070223F58C200FC23FF /* Assets.xcassets */,
				C08AA072223F58C200FC23FF /* LaunchScreen.storyboard */,
				C08AA075223F58C200FC23FF /* Info.plist */,
			);
			path = SampleProject;
			sourceTree = "<group>";
		};
		C08AA082223F593800FC23FF /* Frameworks */ = {
			isa = PBXGroup;
			children = (
				C08AA083223F593800FC23FF /* NotificationCenter.framework */,
			);
			name = Frameworks;
			sourceTree = "<group>";
		};
		C08AA085223F593900FC23FF /* TodayExtension */ = {
			isa = PBXGroup;
			children = (
				C08AA086223F593900FC23FF /* TodayViewController.swift */,
				C08AA088223F593900FC23FF /* MainInterface.storyboard */,
				C08AA08B223F593900FC23FF /* Info.plist */,
			);
			path = TodayExtension;
			sourceTree = "<group>";
		};
/* End PBXGroup section */

/* Begin PBXNativeTarget section */
		C08AA065223F58C000FC23FF /* SampleProject */ = {
			isa = PBXNativeTarget;
			buildConfigurationList = C08AA078223F58C200FC23FF /* Build configuration list for PBXNativeTarget "SampleProject" */;
			buildPhases = (
				C08AA062223F58C000FC23FF /* Sources */,
				C08AA063223F58C000FC23FF /* Frameworks */,
				C08AA064223F58C000FC23FF /* Resources */,
				C08AA092223F593900FC23FF /* Embed App Extensions */,
			);
			buildRules = (
			);
			dependencies = (
				C08AA08D223F593900FC23FF /* PBXTargetDependency */,
			);
			name = SampleProject;
			productName = SampleProject;
			productReference = C08AA066223F58C000FC23FF /* SampleProject.app */;
			productType = "com.apple.product-type.application";
		};
		C08AA080223F593800FC23FF /* TodayExtension */ = {
			isa = PBXNativeTarget;
			buildConfigurationList = C08AA08F223F593900FC23FF /* Build configuration list for PBXNativeTarget "TodayExtension" */;
			buildPhases = (
				C08AA07D223F593800FC23FF /* Sources */,
				C08AA07E223F593800FC23FF /* Frameworks */,
				C08AA07F223F593800FC23FF /* Resources */,
			);
			buildRules = (
			);
			dependencies = (
			);
			name = TodayExtension;
			productName = TodayExtension;
			productReference = C08AA081223F593800FC23FF /* TodayExtension.appex */;
			productType = "com.apple.product-type.app-extension";
		};
/* End PBXNativeTarget section */

/* Begin PBXProject section */
		C08AA05E223F58C000FC23FF /* Project object */ = {
			isa = PBXProject;
			attributes = {
				LastSwiftUpdateCheck = 1010;
				LastUpgradeCheck = 1010;
				ORGANIZATIONNAME = Mikael;
				TargetAttributes = {
					C08AA065223F58C000FC23FF = {
						CreatedOnToolsVersion = 10.1;
					};
					C08AA080223F593800FC23FF = {
						CreatedOnToolsVersion = 10.1;
					};
				};
			};
			buildConfigurationList = C08AA061223F58C000FC23FF /* Build configuration list for PBXProject "SampleProject" */;
			compatibilityVersion = "Xcode 9.3";
			developmentRegion = en;
			hasScannedForEncodings = 0;
			knownRegions = (
				en,
				Base,
			);
			mainGroup = C08AA05D223F58C000FC23FF;
			productRefGroup = C08AA067223F58C000FC23FF /* Products */;
			projectDirPath = "";
			projectRoot = "";
			targets = (
				C08AA065223F58C000FC23FF /* SampleProject */,
				C08AA080223F593800FC23FF /* TodayExtension */,
			);
		};
/* End PBXProject section */

/* Begin PBXResourcesBuildPhase section */
		C08AA064223F58C000FC23FF /* Resources */ = {
			isa = PBXResourcesBuildPhase;
			buildActionMask = 2147483647;
			files = (
				C08AA074223F58C200FC23FF /* LaunchScreen.storyboard in Resources */,
				C08AA071223F58C200FC23FF /* Assets.xcassets in Resources */,
				C08AA07C223F58D600FC23FF /* README.md in Resources */,
				C08AA06F223F58C000FC23FF /* Main.storyboard in Resources */,
			);
			runOnlyForDeploymentPostprocessing = 0;
		};
		C08AA07F223F593800FC23FF /* Resources */ = {
			isa = PBXResourcesBuildPhase;
			buildActionMask = 2147483647;
			files = (
				C08AA08A223F593900FC23FF /* MainInterface.storyboard in Resources */,
			);
			runOnlyForDeploymentPostprocessing = 0;
		};
/* End PBXResourcesBuildPhase section */

/* Begin PBXSourcesBuildPhase section */
		C08AA062223F58C000FC23FF /* Sources */ = {
			isa = PBXSourcesBuildPhase;
			buildActionMask = 2147483647;
			files = (
				C08AA06C223F58C000FC23FF /* ViewController.swift in Sources */,
				C08AA06A223F58C000FC23FF /* AppDelegate.swift in Sources */,
			);
			runOnlyForDeploymentPostprocessing = 0;
		};
		C08AA07D223F593800FC23FF /* Sources */ = {
			isa = PBXSourcesBuildPhase;
			buildActionMask = 2147483647;
			files = (
				C08AA087223F593900FC23FF /* TodayViewController.swift in Sources */,
			);
			runOnlyForDeploymentPostprocessing = 0;
		};
/* End PBXSourcesBuildPhase section */

/* Begin PBXTargetDependency section */
		C08AA08D223F593900FC23FF /* PBXTargetDependency */ = {
			isa = PBXTargetDependency;
			target = C08AA080223F593800FC23FF /* TodayExtension */;
			targetProxy = C08AA08C223F593900FC23FF /* PBXContainerItemProxy */;
		};
/* End PBXTargetDependency section */

/* Begin PBXVariantGroup section */
		C08AA06D223F58C000FC23FF /* Main.storyboard */ = {
			isa = PBXVariantGroup;
			children = (
				C08AA06E223F58C000FC23FF /* Base */,
			);
			name = Main.storyboard;
			sourceTree = "<group>";
		};
		C08AA072223F58C200FC23FF /* LaunchScreen.storyboard */ = {
			isa = PBXVariantGroup;
			children = (
				C08AA073223F58C200FC23FF /* Base */,
			);
			name = LaunchScreen.storyboard;
			sourceTree = "<group>";
		};
		C08AA088223F593900FC23FF /* MainInterface.storyboard */ = {
			isa = PBXVariantGroup;
			children = (
				C08AA089223F593900FC23FF /* Base */,
			);
			name = MainInterface.storyboard;
			sourceTree = "<group>";
		};
/* End PBXVariantGroup section */

/* Begin XCBuildConfiguration section */
		C08AA076223F58C200FC23FF /* Debug */ = {
			isa = XCBuildConfiguration;
			buildSettings = {
				ALWAYS_SEARCH_USER_PATHS = NO;
				CLANG_ANALYZER_NONNULL = YES;
				CLANG_ANALYZER_NUMBER_OBJECT_CONVERSION = YES_AGGRESSIVE;
				CLANG_CXX_LANGUAGE_STANDARD = "gnu++14";
				CLANG_CXX_LIBRARY = "libc++";
				CLANG_ENABLE_MODULES = YES;
				CLANG_ENABLE_OBJC_ARC = YES;
				CLANG_ENABLE_OBJC_WEAK = YES;
				CLANG_WARN_BLOCK_CAPTURE_AUTORELEASING = YES;
				CLANG_WARN_BOOL_CONVERSION = YES;
				CLANG_WARN_COMMA = YES;
				CLANG_WARN_CONSTANT_CONVERSION = YES;
				CLANG_WARN_DEPRECATED_OBJC_IMPLEMENTATIONS = YES;
				CLANG_WARN_DIRECT_OBJC_ISA_USAGE = YES_ERROR;
				CLANG_WARN_DOCUMENTATION_COMMENTS = YES;
				CLANG_WARN_EMPTY_BODY = YES;
				CLANG_WARN_ENUM_CONVERSION = YES;
				CLANG_WARN_INFINITE_RECURSION = YES;
				CLANG_WARN_INT_CONVERSION = YES;
				CLANG_WARN_NON_LITERAL_NULL_CONVERSION = YES;
				CLANG_WARN_OBJC_IMPLICIT_RETAIN_SELF = YES;
				CLANG_WARN_OBJC_LITERAL_CONVERSION = YES;
				CLANG_WARN_OBJC_ROOT_CLASS = YES_ERROR;
				CLANG_WARN_RANGE_LOOP_ANALYSIS = YES;
				CLANG_WARN_STRICT_PROTOTYPES = YES;
				CLANG_WARN_SUSPICIOUS_MOVE = YES;
				CLANG_WARN_UNGUARDED_AVAILABILITY = YES_AGGRESSIVE;
				CLANG_WARN_UNREACHABLE_CODE = YES;
				CLANG_WARN__DUPLICATE_METHOD_MATCH = YES;
				CODE_SIGN_IDENTITY = "iPhone Developer";
				COPY_PHASE_STRIP = NO;
				DEBUG_INFORMATION_FORMAT = dwarf;
				ENABLE_STRICT_OBJC_MSGSEND = YES;
				ENABLE_TESTABILITY = YES;
				GCC_C_LANGUAGE_STANDARD = gnu11;
				GCC_DYNAMIC_NO_PIC = NO;
				GCC_NO_COMMON_BLOCKS = YES;
				GCC_OPTIMIZATION_LEVEL = 0;
				GCC_PREPROCESSOR_DEFINITIONS = (
					"DEBUG=1",
					"$(inherited)",
				);
				GCC_WARN_64_TO_32_BIT_CONVERSION = YES;
				GCC_WARN_ABOUT_RETURN_TYPE = YES_ERROR;
				GCC_WARN_UNDECLARED_SELECTOR = YES;
				GCC_WARN_UNINITIALIZED_AUTOS = YES_AGGRESSIVE;
				GCC_WARN_UNUSED_FUNCTION = YES;
				GCC_WARN_UNUSED_VARIABLE = YES;
				IPHONEOS_DEPLOYMENT_TARGET = 12.1;
				MTL_ENABLE_DEBUG_INFO = INCLUDE_SOURCE;
				MTL_FAST_MATH = YES;
				ONLY_ACTIVE_ARCH = YES;
				SDKROOT = iphoneos;
				SWIFT_ACTIVE_COMPILATION_CONDITIONS = DEBUG;
				SWIFT_OPTIMIZATION_LEVEL = "-Onone";
			};
			name = Debug;
		};
		C08AA077223F58C200FC23FF /* Release */ = {
			isa = XCBuildConfiguration;
			buildSettings = {
				ALWAYS_SEARCH_USER_PATHS = NO;
				CLANG_ANALYZER_NONNULL = YES;
				CLANG_ANALYZER_NUMBER_OBJECT_CONVERSION = YES_AGGRESSIVE;
				CLANG_CXX_LANGUAGE_STANDARD = "gnu++14";
				CLANG_CXX_LIBRARY = "libc++";
				CLANG_ENABLE_MODULES = YES;
				CLANG_ENABLE_OBJC_ARC = YES;
				CLANG_ENABLE_OBJC_WEAK = YES;
				CLANG_WARN_BLOCK_CAPTURE_AUTORELEASING = YES;
				CLANG_WARN_BOOL_CONVERSION = YES;
				CLANG_WARN_COMMA = YES;
				CLANG_WARN_CONSTANT_CONVERSION = YES;
				CLANG_WARN_DEPRECATED_OBJC_IMPLEMENTATIONS = YES;
				CLANG_WARN_DIRECT_OBJC_ISA_USAGE = YES_ERROR;
				CLANG_WARN_DOCUMENTATION_COMMENTS = YES;
				CLANG_WARN_EMPTY_BODY = YES;
				CLANG_WARN_ENUM_CONVERSION = YES;
				CLANG_WARN_INFINITE_RECURSION = YES;
				CLANG_WARN_INT_CONVERSION = YES;
				CLANG_WARN_NON_LITERAL_NULL_CONVERSION = YES;
				CLANG_WARN_OBJC_IMPLICIT_RETAIN_SELF = YES;
				CLANG_WARN_OBJC_LITERAL_CONVERSION = YES;
				CLANG_WARN_OBJC_ROOT_CLASS = YES_ERROR;
				CLANG_WARN_RANGE_LOOP_ANALYSIS = YES;
				CLANG_WARN_STRICT_PROTOTYPES = YES;
				CLANG_WARN_SUSPICIOUS_MOVE = YES;
				CLANG_WARN_UNGUARDED_AVAILABILITY = YES_AGGRESSIVE;
				CLANG_WARN_UNREACHABLE_CODE = YES;
				CLANG_WARN__DUPLICATE_METHOD_MATCH = YES;
				CODE_SIGN_IDENTITY = "iPhone Developer";
				COPY_PHASE_STRIP = NO;
				DEBUG_INFORMATION_FORMAT = "dwarf-with-dsym";
				ENABLE_NS_ASSERTIONS = NO;
				ENABLE_STRICT_OBJC_MSGSEND = YES;
				GCC_C_LANGUAGE_STANDARD = gnu11;
				GCC_NO_COMMON_BLOCKS = YES;
				GCC_WARN_64_TO_32_BIT_CONVERSION = YES;
				GCC_WARN_ABOUT_RETURN_TYPE = YES_ERROR;
				GCC_WARN_UNDECLARED_SELECTOR = YES;
				GCC_WARN_UNINITIALIZED_AUTOS = YES_AGGRESSIVE;
				GCC_WARN_UNUSED_FUNCTION = YES;
				GCC_WARN_UNUSED_VARIABLE = YES;
				IPHONEOS_DEPLOYMENT_TARGET = 12.1;
				MTL_ENABLE_DEBUG_INFO = NO;
				MTL_FAST_MATH = YES;
				SDKROOT = iphoneos;
				SWIFT_COMPILATION_MODE = wholemodule;
				SWIFT_OPTIMIZATION_LEVEL = "-O";
				VALIDATE_PRODUCT = YES;
			};
			name = Release;
		};
		C08AA079223F58C200FC23FF /* Debug */ = {
			isa = XCBuildConfiguration;
			buildSettings = {
				ALWAYS_EMBED_SWIFT_STANDARD_LIBRARIES = YES;
				ASSETCATALOG_COMPILER_APPICON_NAME = AppIcon;
				CODE_SIGN_STYLE = Automatic;
				DEVELOPMENT_TEAM = 2BA4AVWAMV;
				INFOPLIST_FILE = SampleProject/Info.plist;
				LD_RUNPATH_SEARCH_PATHS = (
					"$(inherited)",
					"@executable_path/Frameworks",
				);
				PRODUCT_BUNDLE_IDENTIFIER = Mikael.SampleProject;
				PRODUCT_NAME = "$(TARGET_NAME)";
				SWIFT_VERSION = 4.2;
				TARGETED_DEVICE_FAMILY = "1,2";
			};
			name = Debug;
		};
		C08AA07A223F58C200FC23FF /* Release */ = {
			isa = XCBuildConfiguration;
			buildSettings = {
				ALWAYS_EMBED_SWIFT_STANDARD_LIBRARIES = YES;
				ASSETCATALOG_COMPILER_APPICON_NAME = AppIcon;
				CODE_SIGN_STYLE = Automatic;
				DEVELOPMENT_TEAM = 2BA4AVWAMV;
				INFOPLIST_FILE = SampleProject/Info.plist;
				LD_RUNPATH_SEARCH_PATHS = (
					"$(inherited)",
					"@executable_path/Frameworks",
				);
				PRODUCT_BUNDLE_IDENTIFIER = Mikael.SampleProject;
				PRODUCT_NAME = "$(TARGET_NAME)";
				SWIFT_VERSION = 4.2;
				TARGETED_DEVICE_FAMILY = "1,2";
			};
			name = Release;
		};
		C08AA090223F593900FC23FF /* Debug */ = {
			isa = XCBuildConfiguration;
			buildSettings = {
				CODE_SIGN_STYLE = Automatic;
				DEVELOPMENT_TEAM = 2BA4AVWAMV;
				INFOPLIST_FILE = TodayExtension/Info.plist;
				LD_RUNPATH_SEARCH_PATHS = (
					"$(inherited)",
					"@executable_path/Frameworks",
					"@executable_path/../../Frameworks",
				);
				PRODUCT_BUNDLE_IDENTIFIER = Mikael.SampleProject.TodayExtension;
				PRODUCT_NAME = "$(TARGET_NAME)";
				SKIP_INSTALL = YES;
				SWIFT_VERSION = 4.2;
				TARGETED_DEVICE_FAMILY = "1,2";
			};
			name = Debug;
		};
		C08AA091223F593900FC23FF /* Release */ = {
			isa = XCBuildConfiguration;
			buildSettings = {
				CODE_SIGN_STYLE = Automatic;
				DEVELOPMENT_TEAM = 2BA4AVWAMV;
				INFOPLIST_FILE = TodayExtension/Info.plist;
				LD_RUNPATH_SEARCH_PATHS = (
					"$(inherited)",
					"@executable_path/Frameworks",
					"@executable_path/../../Frameworks",
				);
				PRODUCT_BUNDLE_IDENTIFIER = Mikael.SampleProject.TodayExtension;
				PRODUCT_NAME = "$(TARGET_NAME)";
				SKIP_INSTALL = YES;
				SWIFT_VERSION = 4.2;
				TARGETED_DEVICE_FAMILY = "1,2";
			};
			name = Release;
		};
/* End XCBuildConfiguration section */

/* Begin XCConfigurationList section */
		C08AA061223F58C000FC23FF /* Build configuration list for PBXProject "SampleProject" */ = {
			isa = XCConfigurationList;
			buildConfigurations = (
				C08AA076223F58C200FC23FF /* Debug */,
				C08AA077223F58C200FC23FF /* Release */,
			);
			defaultConfigurationIsVisible = 0;
			defaultConfigurationName = Release;
		};
		C08AA078223F58C200FC23FF /* Build configuration list for PBXNativeTarget "SampleProject" */ = {
			isa = XCConfigurationList;
			buildConfigurations = (
				C08AA079223F58C200FC23FF /* Debug */,
				C08AA07A223F58C200FC23FF /* Release */,
			);
			defaultConfigurationIsVisible = 0;
			defaultConfigurationName = Release;
		};
		C08AA08F223F593900FC23FF /* Build configuration list for PBXNativeTarget "TodayExtension" */ = {
			isa = XCConfigurationList;
			buildConfigurations = (
				C08AA090223F593900FC23FF /* Debug */,
				C08AA091223F593900FC23FF /* Release */,
			);
			defaultConfigurationIsVisible = 0;
			defaultConfigurationName = Release;
		};
/* End XCConfigurationList section */
	};
	rootObject = C08AA05E223F58C000FC23FF /* Project object */;
}
